
Microsoft Visual Studio Solution File, Format Version 12.00
# Visual Studio Version 17
VisualStudioVersion = 17.13.35931.197 d17.13
MinimumVisualStudioVersion = 10.0.40219.1
Project("{FAE04EC0-301F-11D3-BF4B-00C04F79EFBC}") = "UNIONMSUI", "UNIONMSUI\UNIONMSUI.csproj", "{D2FDBCE1-2619-4CBE-BCA4-25BF6260ED07}"
EndProject
Project("{FAE04EC0-301F-11D3-BF4B-00C04F79EFBC}") = "CORE.DAL", "CORE.DAL\CORE.DAL.csproj", "{8ED118FC-E192-4B8B-A3A9-CCBF695C2393}"
EndProject
Project("{FAE04EC0-301F-11D3-BF4B-00C04F79EFBC}") = "INFRASTRUCTURE.BLL", "INFRASTRUCTURE.BLL\INFRASTRUCTURE.BLL.csproj", "{AB6903F6-195B-4AE7-93FD-C690C801E31C}"
EndProject
Project("{FAE04EC0-301F-11D3-BF4B-00C04F79EFBC}") = "COMMON", "COMMON\COMMON.csproj", "{1ABA7FF0-505D-4D5F-9EF1-DC369E878DE5}"
EndProject
Global
	GlobalSection(SolutionConfigurationPlatforms) = preSolution
		Debug|Any CPU = Debug|Any CPU
		Release|Any CPU = Release|Any CPU
	EndGlobalSection
	GlobalSection(ProjectConfigurationPlatforms) = postSolution
		{D2FDBCE1-2619-4CBE-BCA4-25BF6260ED07}.Debug|Any CPU.ActiveCfg = Debug|Any CPU
		{D2FDBCE1-2619-4CBE-BCA4-25BF6260ED07}.Debug|Any CPU.Build.0 = Debug|Any CPU
		{D2FDBCE1-2619-4CBE-BCA4-25BF6260ED07}.Release|Any CPU.ActiveCfg = Release|Any CPU
		{D2FDBCE1-2619-4CBE-BCA4-25BF6260ED07}.Release|Any CPU.Build.0 = Release|Any CPU
		{8ED118FC-E192-4B8B-A3A9-CCBF695C2393}.Debug|Any CPU.ActiveCfg = Debug|Any CPU
		{8ED118FC-E192-4B8B-A3A9-CCBF695C2393}.Debug|Any CPU.Build.0 = Debug|Any CPU
		{8ED118FC-E192-4B8B-A3A9-CCBF695C2393}.Release|Any CPU.ActiveCfg = Release|Any CPU
		{8ED118FC-E192-4B8B-A3A9-CCBF695C2393}.Release|Any CPU.Build.0 = Release|Any CPU
		{AB6903F6-195B-4AE7-93FD-C690C801E31C}.Debug|Any CPU.ActiveCfg = Debug|Any CPU
		{AB6903F6-195B-4AE7-93FD-C690C801E31C}.Debug|Any CPU.Build.0 = Debug|Any CPU
		{AB6903F6-195B-4AE7-93FD-C690C801E31C}.Release|Any CPU.ActiveCfg = Release|Any CPU
		{AB6903F6-195B-4AE7-93FD-C690C801E31C}.Release|Any CPU.Build.0 = Release|Any CPU
		{1ABA7FF0-505D-4D5F-9EF1-DC369E878DE5}.Debug|Any CPU.ActiveCfg = Debug|Any CPU
		{1ABA7FF0-505D-4D5F-9EF1-DC369E878DE5}.Debug|Any CPU.Build.0 = Debug|Any CPU
		{1ABA7FF0-505D-4D5F-9EF1-DC369E878DE5}.Release|Any CPU.ActiveCfg = Release|Any CPU
		{1ABA7FF0-505D-4D5F-9EF1-DC369E878DE5}.Release|Any CPU.Build.0 = Release|Any CPU
	EndGlobalSection
	GlobalSection(SolutionProperties) = preSolution
		HideSolutionNode = FALSE
	EndGlobalSection
	GlobalSection(ExtensibilityGlobals) = postSolution
		SolutionGuid = {C9859CEB-B0D9-4187-B729-B99F0BFAC1D6}
	EndGlobalSection
EndGlobal
